upstream_refs:
  superpowers:
    sha: eafe962b18f6c5dc70fb7c8cc7e83e61f4cdde06
    tag: v5.0.6
overrides:
  .claude-plugin/plugin.json:
    override_date: 2026-03-27
  .codex/INSTALL.md:
    override_date: 2026-03-27
  GEMINI.md:
    override_date: 2026-03-27
  hooks/hooks.json:
    override_date: 2026-03-27
  hooks/session-start:
    override_date: 2026-03-27
  skills/using-rkstack/SKILL.md:
    override_date: 2026-03-27
